lockfileVersion: 5.3

specifiers:
  '@playwright/test': ^1.27.1

devDependencies:
  '@playwright/test': registry.npmmirror.com/@playwright/test/1.27.1

packages:

  registry.npmmirror.com/@playwright/test/1.27.1:
    resolution: {integrity: sha512-mrL2q0an/7tVqniQQF6RBL2saskjljXzqNcCOVMUjRIgE6Y38nCNaP+Dc2FBW06bcpD3tqIws/HT9qiMHbNU0A==, registry: https://registry.npm.taobao.org/, tarball: https://registry.npmmirror.com/@playwright/test/-/test-1.27.1.tgz}
    name: '@playwright/test'
    version: 1.27.1
    engines: {node: '>=14'}
    hasBin: true
    dependencies:
      '@types/node': registry.npmmirror.com/@types/node/18.11.9
      playwright-core: registry.npmmirror.com/playwright-core/1.27.1
    dev: true

  registry.npmmirror.com/@types/node/18.11.9:
    resolution: {integrity: sha512-CRpX21/kGdzjOpFsZSkcrXMGIBWMGNIHXXBVFSH+ggkftxg+XYP20TESbh+zFvFj3EQOl5byk0HTRn1IL6hbqg==, registry: https://registry.npm.taobao.org/, tarball: https://registry.npmmirror.com/@types/node/-/node-18.11.9.tgz}
    name: '@types/node'
    version: 18.11.9
    dev: true

  registry.npmmirror.com/playwright-core/1.27.1:
    resolution: {integrity: sha512-9EmeXDncC2Pmp/z+teoVYlvmPWUC6ejSSYZUln7YaP89Z6lpAaiaAnqroUt/BoLo8tn7WYShcfaCh+xofZa44Q==, registry: https://registry.npm.taobao.org/, tarball: https://registry.npmmirror.com/playwright-core/-/playwright-core-1.27.1.tgz}
    name: playwright-core
    version: 1.27.1
    engines: {node: '>=14'}
    hasBin: true
    dev: true
